
Microsoft Visual Studio Solution File, Format Version 12.00
# Visual Studio Version 17
VisualStudioVersion = 17.8.34525.116
MinimumVisualStudioVersion = 10.0.40219.1
Project("{FAE04EC0-301F-11D3-BF4B-00C04F79EFBC}") = "Salario", "Salario\Salario.csproj", "{77A4E4C3-B057-468D-B100-C02A3471DFF1}"
EndProject
Global
	GlobalSection(SolutionConfigurationPlatforms) = preSolution
		Debug|Any CPU = Debug|Any CPU
		Release|Any CPU = Release|Any CPU
	EndGlobalSection
	GlobalSection(ProjectConfigurationPlatforms) = postSolution
		{77A4E4C3-B057-468D-B100-C02A3471DFF1}.Debug|Any CPU.ActiveCfg = Debug|Any CPU
		{77A4E4C3-B057-468D-B100-C02A3471DFF1}.Debug|Any CPU.Build.0 = Debug|Any CPU
		{77A4E4C3-B057-468D-B100-C02A3471DFF1}.Release|Any CPU.ActiveCfg = Release|Any CPU
		{77A4E4C3-B057-468D-B100-C02A3471DFF1}.Release|Any CPU.Build.0 = Release|Any CPU
	EndGlobalSection
	GlobalSection(SolutionProperties) = preSolution
		HideSolutionNode = FALSE
	EndGlobalSection
	GlobalSection(ExtensibilityGlobals) = postSolution
		SolutionGuid = {4F2457C9-E1D5-41CE-ACD4-38E2E98A5A88}
	EndGlobalSection
EndGlobal
